
Microsoft Visual Studio Solution File, Format Version 12.00
# Visual Studio Version 16
VisualStudioVersion = 16.0.31205.134
MinimumVisualStudioVersion = 10.0.40219.1
Project("{9A19103F-16F7-4668-BE54-9A1E7A4F7556}") = "Wjakimszkle", "Wjakimszkle\Wjakimszkle.csproj", "{B3274FC8-EDC2-436F-9B27-88E0E8F2E248}"
EndProject
Project("{9A19103F-16F7-4668-BE54-9A1E7A4F7556}") = "Wjakimszkle.DataAccess", "Wjakimszkle.DataAccess\Wjakimszkle.DataAccess.csproj", "{331EFB90-C21B-4DD0-A70A-9EB115990E72}"
EndProject
Project("{FAE04EC0-301F-11D3-BF4B-00C04F79EFBC}") = "Wjakimszkle.ApplicationServices", "LiquorRegister.ApplicationServices\Wjakimszkle.ApplicationServices.csproj", "{313FF8D3-F254-42B7-B47D-F89BD7B3A0B9}"
EndProject
Global
	GlobalSection(SolutionConfigurationPlatforms) = preSolution
		Debug|Any CPU = Debug|Any CPU
		Release|Any CPU = Release|Any CPU
	EndGlobalSection
	GlobalSection(ProjectConfigurationPlatforms) = postSolution
		{B3274FC8-EDC2-436F-9B27-88E0E8F2E248}.Debug|Any CPU.ActiveCfg = Debug|Any CPU
		{B3274FC8-EDC2-436F-9B27-88E0E8F2E248}.Debug|Any CPU.Build.0 = Debug|Any CPU
		{B3274FC8-EDC2-436F-9B27-88E0E8F2E248}.Release|Any CPU.ActiveCfg = Release|Any CPU
		{B3274FC8-EDC2-436F-9B27-88E0E8F2E248}.Release|Any CPU.Build.0 = Release|Any CPU
		{331EFB90-C21B-4DD0-A70A-9EB115990E72}.Debug|Any CPU.ActiveCfg = Debug|Any CPU
		{331EFB90-C21B-4DD0-A70A-9EB115990E72}.Debug|Any CPU.Build.0 = Debug|Any CPU
		{331EFB90-C21B-4DD0-A70A-9EB115990E72}.Release|Any CPU.ActiveCfg = Release|Any CPU
		{331EFB90-C21B-4DD0-A70A-9EB115990E72}.Release|Any CPU.Build.0 = Release|Any CPU
		{313FF8D3-F254-42B7-B47D-F89BD7B3A0B9}.Debug|Any CPU.ActiveCfg = Debug|Any CPU
		{313FF8D3-F254-42B7-B47D-F89BD7B3A0B9}.Debug|Any CPU.Build.0 = Debug|Any CPU
		{313FF8D3-F254-42B7-B47D-F89BD7B3A0B9}.Release|Any CPU.ActiveCfg = Release|Any CPU
		{313FF8D3-F254-42B7-B47D-F89BD7B3A0B9}.Release|Any CPU.Build.0 = Release|Any CPU
	EndGlobalSection
	GlobalSection(SolutionProperties) = preSolution
		HideSolutionNode = FALSE
	EndGlobalSection
	GlobalSection(ExtensibilityGlobals) = postSolution
		SolutionGuid = {875A56FB-3F85-48C9-96FF-F74E3DB80890}
	EndGlobalSection
EndGlobal
